
Microsoft Visual Studio Solution File, Format Version 12.00
# Visual Studio Version 16
VisualStudioVersion = 16.0.32002.261
MinimumVisualStudioVersion = 10.0.40219.1
Project("{9A19103F-16F7-4668-BE54-9A1E7A4F7556}") = "Clients Explorer", "Clients Explorer\Clients Explorer.csproj", "{EC06C8E1-F0EB-4D0E-92E0-59F9E24B781E}"
EndProject
Project("{2150E333-8FDC-42A3-9474-1A3956D46DE8}") = "Solution Items", "Solution Items", "{1732E9D2-4FFA-46DD-AC1E-B1040244D0E8}"
	ProjectSection(SolutionItems) = preProject
		ReadMe.txt = ReadMe.txt
	EndProjectSection
EndProject
Global
	GlobalSection(SolutionConfigurationPlatforms) = preSolution
		Debug|Any CPU = Debug|Any CPU
		Release|Any CPU = Release|Any CPU
	EndGlobalSection
	GlobalSection(ProjectConfigurationPlatforms) = postSolution
		{EC06C8E1-F0EB-4D0E-92E0-59F9E24B781E}.Debug|Any CPU.ActiveCfg = Debug|Any CPU
		{EC06C8E1-F0EB-4D0E-92E0-59F9E24B781E}.Debug|Any CPU.Build.0 = Debug|Any CPU
		{EC06C8E1-F0EB-4D0E-92E0-59F9E24B781E}.Release|Any CPU.ActiveCfg = Release|Any CPU
		{EC06C8E1-F0EB-4D0E-92E0-59F9E24B781E}.Release|Any CPU.Build.0 = Release|Any CPU
	EndGlobalSection
	GlobalSection(SolutionProperties) = preSolution
		HideSolutionNode = FALSE
	EndGlobalSection
	GlobalSection(ExtensibilityGlobals) = postSolution
		SolutionGuid = {FE13BE7B-8172-4B4C-A1EC-60E78F114329}
	EndGlobalSection
EndGlobal
